
Microsoft Visual Studio Solution File, Format Version 12.00
# Visual Studio Version 17
VisualStudioVersion = 17.4.33205.214
MinimumVisualStudioVersion = 10.0.40219.1
Project("{FAE04EC0-301F-11D3-BF4B-00C04F79EFBC}") = "School", "School\School.csproj", "{CE1134DB-B377-4C3C-B45C-B3368FE95E3B}"
EndProject
Global
	GlobalSection(SolutionConfigurationPlatforms) = preSolution
		Debug|Any CPU = Debug|Any CPU
		Release|Any CPU = Release|Any CPU
	EndGlobalSection
	GlobalSection(ProjectConfigurationPlatforms) = postSolution
		{CE1134DB-B377-4C3C-B45C-B3368FE95E3B}.Debug|Any CPU.ActiveCfg = Debug|Any CPU
		{CE1134DB-B377-4C3C-B45C-B3368FE95E3B}.Debug|Any CPU.Build.0 = Debug|Any CPU
		{CE1134DB-B377-4C3C-B45C-B3368FE95E3B}.Release|Any CPU.ActiveCfg = Release|Any CPU
		{CE1134DB-B377-4C3C-B45C-B3368FE95E3B}.Release|Any CPU.Build.0 = Release|Any CPU
	EndGlobalSection
	GlobalSection(SolutionProperties) = preSolution
		HideSolutionNode = FALSE
	EndGlobalSection
	GlobalSection(ExtensibilityGlobals) = postSolution
		SolutionGuid = {7B016966-CC14-45FA-9B40-E7570917937D}
	EndGlobalSection
EndGlobal
